name: Refresh package lock

on:
  push:
    branches:
      - refactor/professional-positioning-2026
    paths:
      - .github/workflows/refresh-package-lock.yml

permissions:
  contents: write

jobs:
  refresh-lock:
    runs-on: ubuntu-latest
    steps:
      - name: Checkout branch
        uses: actions/checkout@v4
        with:
          ref: ${{ github.ref_name }}

      - name: Set up Node.js
        uses: actions/setup-node@v4
        with:
          node-version: 22
          cache: npm

      - name: Refresh package-lock.json
        run: npm install --package-lock-only

      - name: Commit updated lockfile
        shell: bash
        run: |
          if git diff --quiet -- package-lock.json; then
            echo "package-lock.json is already current"
            exit 0
          fi
          git config user.name "github-actions[bot]"
          git config user.email "41898282+github-actions[bot]@users.noreply.github.com"
          git add package-lock.json
          git commit -m "chore: refresh package lock"
          git push origin HEAD:${{ github.ref_name }}
